
Microsoft Visual Studio Solution File, Format Version 12.00
# Visual Studio Version 17
VisualStudioVersion = 17.4.33403.182
MinimumVisualStudioVersion = 10.0.40219.1
Project("{FAE04EC0-301F-11D3-BF4B-00C04F79EFBC}") = "PhoniaTask", "PhoniaTask\PhoniaTask.csproj", "{7629CBE8-B048-401A-8D0C-933424C5DB71}"
EndProject
Global
	GlobalSection(SolutionConfigurationPlatforms) = preSolution
		Debug|Any CPU = Debug|Any CPU
		Release|Any CPU = Release|Any CPU
	EndGlobalSection
	GlobalSection(ProjectConfigurationPlatforms) = postSolution
		{7629CBE8-B048-401A-8D0C-933424C5DB71}.Debug|Any CPU.ActiveCfg = Debug|Any CPU
		{7629CBE8-B048-401A-8D0C-933424C5DB71}.Debug|Any CPU.Build.0 = Debug|Any CPU
		{7629CBE8-B048-401A-8D0C-933424C5DB71}.Release|Any CPU.ActiveCfg = Release|Any CPU
		{7629CBE8-B048-401A-8D0C-933424C5DB71}.Release|Any CPU.Build.0 = Release|Any CPU
	EndGlobalSection
	GlobalSection(SolutionProperties) = preSolution
		HideSolutionNode = FALSE
	EndGlobalSection
	GlobalSection(ExtensibilityGlobals) = postSolution
		SolutionGuid = {59BDE1DF-3A77-4CCE-BFAC-E16B20D4128E}
	EndGlobalSection
EndGlobal
